{
  "nodes": {
    "nixCats": {
      "locked": {
        "lastModified": 1744870179,
        "narHash": "sha256-2kysKx6yFKtNcwNlLVnLVZwn2e6e+vJaW4LkhhLd5O8=",
        "owner": "BirdeeHub",
        "repo": "nixCats-nvim",
        "rev": "0787a77b0d375733ec5213e224258a8b675e658a",
        "type": "github"
      },
      "original": {
        "owner": "BirdeeHub",
        "repo": "nixCats-nvim",
        "type": "github"
      }
    },
    "nixpkgs": {
      "locked": {
        "lastModified": 1744536153,
        "narHash": "sha256-awS2zRgF4uTwrOKwwiJcByDzDOdo3Q1rPZbiHQg/N38=",
        "owner": "nixos",
        "repo": "nixpkgs",
        "rev": "18dd725c29603f582cf1900e0d25f9f1063dbf11",
        "type": "github"
      },
      "original": {
        "owner": "nixos",
        "ref": "nixpkgs-unstable",
        "repo": "nixpkgs",
        "type": "github"
      }
    },
    "root": {
      "inputs": {
        "nixCats": "nixCats",
        "nixpkgs": "nixpkgs"
      }
    }
  },
  "root": "root",
  "version": 7
}
